
Microsoft Visual Studio Solution File, Format Version 12.00
# Visual Studio Version 17
VisualStudioVersion = 17.10.34607.79
MinimumVisualStudioVersion = 10.0.40219.1
Project("{FAE04EC0-301F-11D3-BF4B-00C04F79EFBC}") = "Lab_3", "Lab_3\Lab_3.csproj", "{27AF0714-8A4D-4F83-834E-AA8B7EE5A508}"
EndProject
Global
	GlobalSection(SolutionConfigurationPlatforms) = preSolution
		Debug|Any CPU = Debug|Any CPU
		Release|Any CPU = Release|Any CPU
	EndGlobalSection
	GlobalSection(ProjectConfigurationPlatforms) = postSolution
		{27AF0714-8A4D-4F83-834E-AA8B7EE5A508}.Debug|Any CPU.ActiveCfg = Debug|Any CPU
		{27AF0714-8A4D-4F83-834E-AA8B7EE5A508}.Debug|Any CPU.Build.0 = Debug|Any CPU
		{27AF0714-8A4D-4F83-834E-AA8B7EE5A508}.Release|Any CPU.ActiveCfg = Release|Any CPU
		{27AF0714-8A4D-4F83-834E-AA8B7EE5A508}.Release|Any CPU.Build.0 = Release|Any CPU
	EndGlobalSection
	GlobalSection(SolutionProperties) = preSolution
		HideSolutionNode = FALSE
	EndGlobalSection
	GlobalSection(ExtensibilityGlobals) = postSolution
		SolutionGuid = {540B82C7-3B65-451F-8BDE-1A57CB065B73}
	EndGlobalSection
EndGlobal
